
Microsoft Visual Studio Solution File, Format Version 12.00
# Visual Studio Version 17
VisualStudioVersion = 17.9.34607.119
MinimumVisualStudioVersion = 10.0.40219.1
Project("{888888A0-9F3D-457C-B088-3A5042F75D52}") = "Python2", "Python2\Python2.pyproj", "{F53C132B-8850-4333-AF03-660EF75F1937}"
EndProject
Global
	GlobalSection(SolutionConfigurationPlatforms) = preSolution
		Debug|Any CPU = Debug|Any CPU
		Release|Any CPU = Release|Any CPU
	EndGlobalSection
	GlobalSection(ProjectConfigurationPlatforms) = postSolution
		{F53C132B-8850-4333-AF03-660EF75F1937}.Debug|Any CPU.ActiveCfg = Debug|Any CPU
		{F53C132B-8850-4333-AF03-660EF75F1937}.Release|Any CPU.ActiveCfg = Release|Any CPU
	EndGlobalSection
	GlobalSection(SolutionProperties) = preSolution
		HideSolutionNode = FALSE
	EndGlobalSection
	GlobalSection(ExtensibilityGlobals) = postSolution
		SolutionGuid = {83A1C7A7-20C2-41AC-BDCC-0AC7EE8BC852}
	EndGlobalSection
EndGlobal
